
Microsoft Visual Studio Solution File, Format Version 12.00
# Visual Studio Version 17
VisualStudioVersion = 17.8.34330.188
MinimumVisualStudioVersion = 10.0.40219.1
Project("{9A19103F-16F7-4668-BE54-9A1E7A4F7556}") = "project_bbr", "project_bbr\project_bbr.csproj", "{2C6A0681-776C-44D9-8A1C-AC96040ED7B7}"
EndProject
Project("{9A19103F-16F7-4668-BE54-9A1E7A4F7556}") = "Raylib-cs", "Raylib-cs\Raylib-cs.csproj", "{4D4A64B2-2254-4E74-864C-B990B05B1F28}"
EndProject
Global
	GlobalSection(SolutionConfigurationPlatforms) = preSolution
		Debug|Any CPU = Debug|Any CPU
		Release|Any CPU = Release|Any CPU
	EndGlobalSection
	GlobalSection(ProjectConfigurationPlatforms) = postSolution
		{2C6A0681-776C-44D9-8A1C-AC96040ED7B7}.Debug|Any CPU.ActiveCfg = Debug|Any CPU
		{2C6A0681-776C-44D9-8A1C-AC96040ED7B7}.Debug|Any CPU.Build.0 = Debug|Any CPU
		{2C6A0681-776C-44D9-8A1C-AC96040ED7B7}.Release|Any CPU.ActiveCfg = Release|Any CPU
		{2C6A0681-776C-44D9-8A1C-AC96040ED7B7}.Release|Any CPU.Build.0 = Release|Any CPU
		{4D4A64B2-2254-4E74-864C-B990B05B1F28}.Debug|Any CPU.ActiveCfg = Debug|Any CPU
		{4D4A64B2-2254-4E74-864C-B990B05B1F28}.Debug|Any CPU.Build.0 = Debug|Any CPU
		{4D4A64B2-2254-4E74-864C-B990B05B1F28}.Release|Any CPU.ActiveCfg = Release|Any CPU
		{4D4A64B2-2254-4E74-864C-B990B05B1F28}.Release|Any CPU.Build.0 = Release|Any CPU
	EndGlobalSection
	GlobalSection(SolutionProperties) = preSolution
		HideSolutionNode = FALSE
	EndGlobalSection
	GlobalSection(ExtensibilityGlobals) = postSolution
		SolutionGuid = {86367B2D-AC0D-4EFB-84B7-BC7B812EC8DB}
	EndGlobalSection
EndGlobal
